
Microsoft Visual Studio Solution File, Format Version 12.00
# Visual Studio Version 17
VisualStudioVersion = 17.14.36327.8 d17.14
MinimumVisualStudioVersion = 10.0.40219.1
Project("{54A90642-561A-4BB1-A94E-469ADEE60C69}") = "qr_scanner.client", "qr_scanner.client\qr_scanner.client.esproj", "{783AB897-6C9B-5882-06CA-DC99DEA6BDDA}"
EndProject
Project("{FAE04EC0-301F-11D3-BF4B-00C04F79EFBC}") = "QR_Scanner.Server", "QR_Scanner.Server\QR_Scanner.Server.csproj", "{C77AA07E-B495-49F3-A759-FFB22FBE6076}"
EndProject
Global
	GlobalSection(SolutionConfigurationPlatforms) = preSolution
		Debug|Any CPU = Debug|Any CPU
		Release|Any CPU = Release|Any CPU
	EndGlobalSection
	GlobalSection(ProjectConfigurationPlatforms) = postSolution
		{783AB897-6C9B-5882-06CA-DC99DEA6BDDA}.Debug|Any CPU.ActiveCfg = Debug|Any CPU
		{783AB897-6C9B-5882-06CA-DC99DEA6BDDA}.Debug|Any CPU.Build.0 = Debug|Any CPU
		{783AB897-6C9B-5882-06CA-DC99DEA6BDDA}.Debug|Any CPU.Deploy.0 = Debug|Any CPU
		{783AB897-6C9B-5882-06CA-DC99DEA6BDDA}.Release|Any CPU.ActiveCfg = Release|Any CPU
		{783AB897-6C9B-5882-06CA-DC99DEA6BDDA}.Release|Any CPU.Build.0 = Release|Any CPU
		{783AB897-6C9B-5882-06CA-DC99DEA6BDDA}.Release|Any CPU.Deploy.0 = Release|Any CPU
		{C77AA07E-B495-49F3-A759-FFB22FBE6076}.Debug|Any CPU.ActiveCfg = Debug|Any CPU
		{C77AA07E-B495-49F3-A759-FFB22FBE6076}.Debug|Any CPU.Build.0 = Debug|Any CPU
		{C77AA07E-B495-49F3-A759-FFB22FBE6076}.Release|Any CPU.ActiveCfg = Release|Any CPU
		{C77AA07E-B495-49F3-A759-FFB22FBE6076}.Release|Any CPU.Build.0 = Release|Any CPU
	EndGlobalSection
	GlobalSection(SolutionProperties) = preSolution
		HideSolutionNode = FALSE
	EndGlobalSection
	GlobalSection(ExtensibilityGlobals) = postSolution
		SolutionGuid = {8CE56C2E-4AF9-477A-A338-E98C807BE1D6}
	EndGlobalSection
EndGlobal
